
Microsoft Visual Studio Solution File, Format Version 12.00
# Visual Studio Version 17
VisualStudioVersion = 17.0.31903.59
MinimumVisualStudioVersion = 10.0.40219.1
Project("{2150E333-8FDC-42A3-9474-1A3956D46DE8}") = "services", "services", "{5854FF58-B8C5-05C6-5BF2-ACE42193F22B}"
EndProject
Project("{2150E333-8FDC-42A3-9474-1A3956D46DE8}") = "ingestion", "ingestion", "{31FA815E-F168-7AB5-A26E-1E1772BBBCDE}"
	ProjectSection(SolutionItems) = preProject
		services\ingestion\Dockerfile = services\ingestion\Dockerfile
		services\ingestion\.dockerignore = services\ingestion\.dockerignore
	EndProjectSection
EndProject
Project("{2150E333-8FDC-42A3-9474-1A3956D46DE8}") = "src", "src", "{9E5B6E38-FB60-7272-AE1E-CC970DFE2B18}"
EndProject
Project("{FAE04EC0-301F-11D3-BF4B-00C04F79EFBC}") = "Ingestion.Api", "services\ingestion\src\Ingestion.Api\Ingestion.Api.csproj", "{59AE800D-B1DB-4A3C-94D7-284BB90AEFD5}"
EndProject
Project("{FAE04EC0-301F-11D3-BF4B-00C04F79EFBC}") = "Ingestion.Application", "services\ingestion\src\Ingestion.Application\Ingestion.Application.csproj", "{F27C3D35-5797-4624-8A5F-198C6A9DF36D}"
EndProject
Project("{FAE04EC0-301F-11D3-BF4B-00C04F79EFBC}") = "Ingestion.Domain", "services\ingestion\src\Ingestion.Domain\Ingestion.Domain.csproj", "{55F5CA46-6FD8-4753-9A34-7E5AA7450577}"
EndProject
Project("{FAE04EC0-301F-11D3-BF4B-00C04F79EFBC}") = "Ingestion.Infrastructure.Write", "services\ingestion\src\Ingestion.Infrastructure.Write\Ingestion.Infrastructure.Write.csproj", "{CEA72330-238A-415C-BDF9-EAC71E781B44}"
EndProject
Project("{2150E333-8FDC-42A3-9474-1A3956D46DE8}") = "tests", "tests", "{A37E8F42-1FFE-8CDC-9820-7DC47B5681F2}"
EndProject
Project("{FAE04EC0-301F-11D3-BF4B-00C04F79EFBC}") = "Ingestion.UnitTests", "services\ingestion\tests\Ingestion.UnitTests\Ingestion.UnitTests.csproj", "{E453101D-C2CA-4E0B-8B5D-471FFAC10E75}"
EndProject
Project("{FAE04EC0-301F-11D3-BF4B-00C04F79EFBC}") = "Ingestion.IntegrationTests", "services\ingestion\tests\Ingestion.IntegrationTests\Ingestion.IntegrationTests.csproj", "{7A75F30E-7CCD-492B-B96F-47781B5AF082}"
EndProject
Project("{2150E333-8FDC-42A3-9474-1A3956D46DE8}") = "api-gateway", "api-gateway", "{9627E87E-F5B7-00AC-2F43-5E65E23A8312}"
	ProjectSection(SolutionItems) = preProject
		services\api-gateway\Dockerfile = services\api-gateway\Dockerfile
		services\api-gateway\.dockerignore = services\api-gateway\.dockerignore
	EndProjectSection
EndProject
Project("{FAE04EC0-301F-11D3-BF4B-00C04F79EFBC}") = "ApiGateway.Api", "services\api-gateway\ApiGateway.Api\ApiGateway.Api.csproj", "{491C005D-0F5B-43D8-B686-1B833E1DBAD6}"
EndProject
Project("{FAE04EC0-301F-11D3-BF4B-00C04F79EFBC}") = "Ingestion.Infrastructure.Read", "services\ingestion\src\Ingestion.Infrastructure.Read\Ingestion.Infrastructure.Read.csproj", "{57F8E1BA-E9EA-499E-BDE0-B43540F8C5F3}"
EndProject
Project("{2150E333-8FDC-42A3-9474-1A3956D46DE8}") = "risk-catalog", "risk-catalog", "{EA8AE364-9EC8-4048-CEA5-1FBCEA2B08D2}"
	ProjectSection(SolutionItems) = preProject
		services\risk-catalog\Dockerfile = services\risk-catalog\Dockerfile
	EndProjectSection
EndProject
Project("{2150E333-8FDC-42A3-9474-1A3956D46DE8}") = "src", "src", "{21452FDB-6661-27D2-6188-1AA03375898F}"
EndProject
Project("{FAE04EC0-301F-11D3-BF4B-00C04F79EFBC}") = "RiskCatalog.Api", "services\risk-catalog\src\RiskCatalog.Api\RiskCatalog.Api.csproj", "{029F8B0A-9BF2-42AE-83D7-7C868BEC803D}"
EndProject
Project("{FAE04EC0-301F-11D3-BF4B-00C04F79EFBC}") = "RiskCatalog.Application", "services\risk-catalog\src\RiskCatalog.Application\RiskCatalog.Application.csproj", "{A813ED96-3B2F-4840-AF02-B4FE2251CA34}"
EndProject
Project("{FAE04EC0-301F-11D3-BF4B-00C04F79EFBC}") = "RiskCatalog.Domain", "services\risk-catalog\src\RiskCatalog.Domain\RiskCatalog.Domain.csproj", "{CDF644C6-C6CC-40C6-AF69-E1CCB648FA95}"
EndProject
Project("{FAE04EC0-301F-11D3-BF4B-00C04F79EFBC}") = "RiskCatalog.Infrastructure", "services\risk-catalog\src\RiskCatalog.Infrastructure\RiskCatalog.Infrastructure.csproj", "{5A969F4C-F22D-4A66-95D2-A3CF32FF4665}"
EndProject
Project("{2150E333-8FDC-42A3-9474-1A3956D46DE8}") = "tests", "tests", "{E7E14FA9-3A0C-D7EC-6658-A21B05072AF3}"
EndProject
Project("{FAE04EC0-301F-11D3-BF4B-00C04F79EFBC}") = "RiskCatalog.IntegrationTests", "services\risk-catalog\tests\RiskCatalog.IntegrationTests\RiskCatalog.IntegrationTests.csproj", "{18B7A2C1-6294-46B3-93FD-4DA35994CBF3}"
EndProject
Project("{FAE04EC0-301F-11D3-BF4B-00C04F79EFBC}") = "RiskCatalog.UnitTests", "services\risk-catalog\tests\RiskCatalog.UnitTests\RiskCatalog.UnitTests.csproj", "{B4D6D385-4D9D-402E-9A81-05C27169A758}"
EndProject
Project("{2150E333-8FDC-42A3-9474-1A3956D46DE8}") = "geospatial", "geospatial", "{B2A9F99C-C0AC-95D7-3B2D-B7C051256A2B}"
	ProjectSection(SolutionItems) = preProject
		services\geospatial\Dockerfile = services\geospatial\Dockerfile
		services\geospatial\.dockerignore = services\geospatial\.dockerignore
	EndProjectSection
EndProject
Project("{2150E333-8FDC-42A3-9474-1A3956D46DE8}") = "src", "src", "{143A9012-BA68-10E3-ABDE-9AE395E15738}"
EndProject
Project("{FAE04EC0-301F-11D3-BF4B-00C04F79EFBC}") = "Geospatial.Api", "services\geospatial\src\Geospatial.Api\Geospatial.Api.csproj", "{273E561A-A55C-4B88-B50E-44F1EF84F9E9}"
EndProject
Project("{FAE04EC0-301F-11D3-BF4B-00C04F79EFBC}") = "Geospatial.Application", "services\geospatial\src\Geospatial.Application\Geospatial.Application.csproj", "{3E14D594-5E18-4AFE-B4FA-A87B7CD06E1F}"
EndProject
Project("{FAE04EC0-301F-11D3-BF4B-00C04F79EFBC}") = "Geospatial.Domain", "services\geospatial\src\Geospatial.Domain\Geospatial.Domain.csproj", "{24087921-54FF-4037-B65A-9ABEDE8028E2}"
EndProject
Project("{FAE04EC0-301F-11D3-BF4B-00C04F79EFBC}") = "Geospatial.Infrastructure", "services\geospatial\src\Geospatial.Infrastructure\Geospatial.Infrastructure.csproj", "{2D50B990-FF0C-4654-9D24-6451349B6ACA}"
EndProject
Project("{2150E333-8FDC-42A3-9474-1A3956D46DE8}") = "tests", "tests", "{0549131C-1D2E-1EA3-8CCC-379627C304EB}"
EndProject
Project("{FAE04EC0-301F-11D3-BF4B-00C04F79EFBC}") = "Geospatial.IntegrationTests", "services\geospatial\tests\Geospatial.IntegrationTests\Geospatial.IntegrationTests.csproj", "{24C8FFCE-14B0-4CC8-97C7-4164498FBA12}"
EndProject
Project("{FAE04EC0-301F-11D3-BF4B-00C04F79EFBC}") = "Geospatial.UnitTests", "services\geospatial\tests\Geospatial.UnitTests\Geospatial.UnitTests.csproj", "{16E57A15-AC8B-4F78-B49D-0E1FE7B2C610}"
EndProject
Project("{2150E333-8FDC-42A3-9474-1A3956D46DE8}") = "risk-evaluation", "risk-evaluation", "{EBE35603-9ADB-AE12-1420-6CAFCD65BA30}"
	ProjectSection(SolutionItems) = preProject
		services\risk-evaluation\Dockerfile = services\risk-evaluation\Dockerfile
		services\risk-evaluation\.dockerignore = services\risk-evaluation\.dockerignore
	EndProjectSection
EndProject
Project("{2150E333-8FDC-42A3-9474-1A3956D46DE8}") = "src", "src", "{D59F0EBD-B8CB-6FB2-C635-F337861BC671}"
EndProject
Project("{FAE04EC0-301F-11D3-BF4B-00C04F79EFBC}") = "RiskEvaluation.Api", "services\risk-evaluation\src\RiskEvaluation.Api\RiskEvaluation.Api.csproj", "{B8873F27-1491-4AD9-9F4F-F6096FC9AD3F}"
EndProject
Project("{FAE04EC0-301F-11D3-BF4B-00C04F79EFBC}") = "RiskEvaluation.Application", "services\risk-evaluation\src\RiskEvaluation.Application\RiskEvaluation.Application.csproj", "{F11B7198-108C-4558-8540-2BB8A07ACE14}"
EndProject
Project("{FAE04EC0-301F-11D3-BF4B-00C04F79EFBC}") = "RiskEvaluation.Domain", "services\risk-evaluation\src\RiskEvaluation.Domain\RiskEvaluation.Domain.csproj", "{D6405969-D6F9-4808-A17D-05CA739052D5}"
EndProject
Project("{FAE04EC0-301F-11D3-BF4B-00C04F79EFBC}") = "RiskEvaluation.Infrastructure", "services\risk-evaluation\src\RiskEvaluation.Infrastructure\RiskEvaluation.Infrastructure.csproj", "{049AAEAF-B40A-49F3-8A7E-E75987E0D0B7}"
EndProject
Project("{2150E333-8FDC-42A3-9474-1A3956D46DE8}") = "tests", "tests", "{825F926A-E3C0-54DF-DC1C-AE2ECDB8C8C2}"
EndProject
Project("{FAE04EC0-301F-11D3-BF4B-00C04F79EFBC}") = "RiskEvaluation.UnitTests", "services\risk-evaluation\tests\RiskEvaluation.UnitTests\RiskEvaluation.UnitTests.csproj", "{4776FE79-050B-44EF-ACF7-3E94DC536FA5}"
EndProject
Project("{FAE04EC0-301F-11D3-BF4B-00C04F79EFBC}") = "RiskEvaluation.IntegrationTests", "services\risk-evaluation\tests\RiskEvaluation.IntegrationTests\RiskEvaluation.IntegrationTests.csproj", "{A620ADA5-F805-4E6A-9877-E1188FFF51A5}"
EndProject
Project("{2150E333-8FDC-42A3-9474-1A3956D46DE8}") = "alert-orchestrator", "alert-orchestrator", "{D695D176-BB72-9420-5049-4C7BDEA6619B}"
	ProjectSection(SolutionItems) = preProject
		services\alert-orchestrator\Dockerfile = services\alert-orchestrator\Dockerfile
		services\alert-orchestrator\.dockerignore = services\alert-orchestrator\.dockerignore
	EndProjectSection
EndProject
Project("{2150E333-8FDC-42A3-9474-1A3956D46DE8}") = "src", "src", "{4A0B2867-DC28-DD77-F3D3-1527DD5D35AE}"
EndProject
Project("{FAE04EC0-301F-11D3-BF4B-00C04F79EFBC}") = "AlertOrchestrator.Api", "services\alert-orchestrator\src\AlertOrchestrator.Api\AlertOrchestrator.Api.csproj", "{5156461A-267A-4C58-872C-8566EE97E75F}"
EndProject
Project("{FAE04EC0-301F-11D3-BF4B-00C04F79EFBC}") = "AlertOrchestrator.Application", "services\alert-orchestrator\src\AlertOrchestrator.Application\AlertOrchestrator.Application.csproj", "{C8E7DB1E-100F-4948-AC59-472DAF1D9782}"
EndProject
Project("{FAE04EC0-301F-11D3-BF4B-00C04F79EFBC}") = "AlertOrchestrator.Domain", "services\alert-orchestrator\src\AlertOrchestrator.Domain\AlertOrchestrator.Domain.csproj", "{3DC07CB4-8D0E-40F1-A180-69E70575466A}"
EndProject
Project("{FAE04EC0-301F-11D3-BF4B-00C04F79EFBC}") = "AlertOrchestrator.Infrastructure", "services\alert-orchestrator\src\AlertOrchestrator.Infrastructure\AlertOrchestrator.Infrastructure.csproj", "{B15EF6E7-AAA8-4053-8175-8F2512393C03}"
EndProject
Project("{2150E333-8FDC-42A3-9474-1A3956D46DE8}") = "tests", "tests", "{094340B2-29A0-384A-6EB7-84EF1D6044BC}"
EndProject
Project("{FAE04EC0-301F-11D3-BF4B-00C04F79EFBC}") = "AlertOrchestrator.UnitTests", "services\alert-orchestrator\tests\AlertOrchestrator.UnitTests\AlertOrchestrator.UnitTests.csproj", "{BC7767E8-4239-460E-9276-74FB126C4FFF}"
EndProject
Project("{FAE04EC0-301F-11D3-BF4B-00C04F79EFBC}") = "AlertOrchestrator.IntegrationTests", "services\alert-orchestrator\tests\AlertOrchestrator.IntegrationTests\AlertOrchestrator.IntegrationTests.csproj", "{3DAD27FD-A111-4730-ABAE-FCEED06128E5}"
EndProject
Project("{2150E333-8FDC-42A3-9474-1A3956D46DE8}") = "channels-service", "channels-service", "{CB465BFD-3AF8-4601-952D-40E269C9AFED}"
EndProject
Project("{2150E333-8FDC-42A3-9474-1A3956D46DE8}") = "src", "src", "{D3AB1A5F-E7B2-43ED-AEC9-D6DACBE454B4}"
EndProject
Project("{FAE04EC0-301F-11D3-BF4B-00C04F79EFBC}") = "ChannelsService.Api", "services\channels-service\src\ChannelsService.Api\ChannelsService.Api.csproj", "{3748557B-58CD-41BD-81C7-3929C6D7D027}"
EndProject
Project("{FAE04EC0-301F-11D3-BF4B-00C04F79EFBC}") = "ChannelsService.Application", "services\channels-service\src\ChannelsService.Application\ChannelsService.Application.csproj", "{81FC9AA9-2617-4E5A-933E-0EF412E4FFFF}"
EndProject
Project("{FAE04EC0-301F-11D3-BF4B-00C04F79EFBC}") = "ChannelsService.Domain", "services\channels-service\src\ChannelsService.Domain\ChannelsService.Domain.csproj", "{24759E89-6D03-4AC6-95AE-6008D4A4F661}"
EndProject
Project("{FAE04EC0-301F-11D3-BF4B-00C04F79EFBC}") = "ChannelsService.Infrastructure", "services\channels-service\src\ChannelsService.Infrastructure\ChannelsService.Infrastructure.csproj", "{B19672BD-F612-4483-97AD-2BE1585A5792}"
EndProject
Project("{2150E333-8FDC-42A3-9474-1A3956D46DE8}") = "tests", "tests", "{CE19CFA8-6974-4C19-B520-EED60E2F75A4}"
EndProject
Project("{FAE04EC0-301F-11D3-BF4B-00C04F79EFBC}") = "ChannelsService.UnitTests", "services\channels-service\tests\ChannelsService.UnitTests\ChannelsService.UnitTests.csproj", "{92C0CFF7-376A-4DB4-9666-D20BC02B5E3F}"
EndProject
Global
	GlobalSection(SolutionConfigurationPlatforms) = preSolution
		Debug|Any CPU = Debug|Any CPU
		Debug|x64 = Debug|x64
		Debug|x86 = Debug|x86
		Release|Any CPU = Release|Any CPU
		Release|x64 = Release|x64
		Release|x86 = Release|x86
	EndGlobalSection
	GlobalSection(ProjectConfigurationPlatforms) = postSolution
		{59AE800D-B1DB-4A3C-94D7-284BB90AEFD5}.Debug|Any CPU.ActiveCfg = Debug|Any CPU
		{59AE800D-B1DB-4A3C-94D7-284BB90AEFD5}.Debug|Any CPU.Build.0 = Debug|Any CPU
		{59AE800D-B1DB-4A3C-94D7-284BB90AEFD5}.Debug|x64.ActiveCfg = Debug|Any CPU
		{59AE800D-B1DB-4A3C-94D7-284BB90AEFD5}.Debug|x64.Build.0 = Debug|Any CPU
		{59AE800D-B1DB-4A3C-94D7-284BB90AEFD5}.Debug|x86.ActiveCfg = Debug|Any CPU
		{59AE800D-B1DB-4A3C-94D7-284BB90AEFD5}.Debug|x86.Build.0 = Debug|Any CPU
		{59AE800D-B1DB-4A3C-94D7-284BB90AEFD5}.Release|Any CPU.ActiveCfg = Release|Any CPU
		{59AE800D-B1DB-4A3C-94D7-284BB90AEFD5}.Release|Any CPU.Build.0 = Release|Any CPU
		{59AE800D-B1DB-4A3C-94D7-284BB90AEFD5}.Release|x64.ActiveCfg = Release|Any CPU
		{59AE800D-B1DB-4A3C-94D7-284BB90AEFD5}.Release|x64.Build.0 = Release|Any CPU
		{59AE800D-B1DB-4A3C-94D7-284BB90AEFD5}.Release|x86.ActiveCfg = Release|Any CPU
		{59AE800D-B1DB-4A3C-94D7-284BB90AEFD5}.Release|x86.Build.0 = Release|Any CPU
		{F27C3D35-5797-4624-8A5F-198C6A9DF36D}.Debug|Any CPU.ActiveCfg = Debug|Any CPU
		{F27C3D35-5797-4624-8A5F-198C6A9DF36D}.Debug|Any CPU.Build.0 = Debug|Any CPU
		{F27C3D35-5797-4624-8A5F-198C6A9DF36D}.Debug|x64.ActiveCfg = Debug|Any CPU
		{F27C3D35-5797-4624-8A5F-198C6A9DF36D}.Debug|x64.Build.0 = Debug|Any CPU
		{F27C3D35-5797-4624-8A5F-198C6A9DF36D}.Debug|x86.ActiveCfg = Debug|Any CPU
		{F27C3D35-5797-4624-8A5F-198C6A9DF36D}.Debug|x86.Build.0 = Debug|Any CPU
		{F27C3D35-5797-4624-8A5F-198C6A9DF36D}.Release|Any CPU.ActiveCfg = Release|Any CPU
		{F27C3D35-5797-4624-8A5F-198C6A9DF36D}.Release|Any CPU.Build.0 = Release|Any CPU
		{F27C3D35-5797-4624-8A5F-198C6A9DF36D}.Release|x64.ActiveCfg = Release|Any CPU
		{F27C3D35-5797-4624-8A5F-198C6A9DF36D}.Release|x64.Build.0 = Release|Any CPU
		{F27C3D35-5797-4624-8A5F-198C6A9DF36D}.Release|x86.ActiveCfg = Release|Any CPU
		{F27C3D35-5797-4624-8A5F-198C6A9DF36D}.Release|x86.Build.0 = Release|Any CPU
		{55F5CA46-6FD8-4753-9A34-7E5AA7450577}.Debug|Any CPU.ActiveCfg = Debug|Any CPU
		{55F5CA46-6FD8-4753-9A34-7E5AA7450577}.Debug|Any CPU.Build.0 = Debug|Any CPU
		{55F5CA46-6FD8-4753-9A34-7E5AA7450577}.Debug|x64.ActiveCfg = Debug|Any CPU
		{55F5CA46-6FD8-4753-9A34-7E5AA7450577}.Debug|x64.Build.0 = Debug|Any CPU
		{55F5CA46-6FD8-4753-9A34-7E5AA7450577}.Debug|x86.ActiveCfg = Debug|Any CPU
		{55F5CA46-6FD8-4753-9A34-7E5AA7450577}.Debug|x86.Build.0 = Debug|Any CPU
		{55F5CA46-6FD8-4753-9A34-7E5AA7450577}.Release|Any CPU.ActiveCfg = Release|Any CPU
		{55F5CA46-6FD8-4753-9A34-7E5AA7450577}.Release|Any CPU.Build.0 = Release|Any CPU
		{55F5CA46-6FD8-4753-9A34-7E5AA7450577}.Release|x64.ActiveCfg = Release|Any CPU
		{55F5CA46-6FD8-4753-9A34-7E5AA7450577}.Release|x64.Build.0 = Release|Any CPU
		{55F5CA46-6FD8-4753-9A34-7E5AA7450577}.Release|x86.ActiveCfg = Release|Any CPU
		{55F5CA46-6FD8-4753-9A34-7E5AA7450577}.Release|x86.Build.0 = Release|Any CPU
		{CEA72330-238A-415C-BDF9-EAC71E781B44}.Debug|Any CPU.ActiveCfg = Debug|Any CPU
		{CEA72330-238A-415C-BDF9-EAC71E781B44}.Debug|Any CPU.Build.0 = Debug|Any CPU
		{CEA72330-238A-415C-BDF9-EAC71E781B44}.Debug|x64.ActiveCfg = Debug|Any CPU
		{CEA72330-238A-415C-BDF9-EAC71E781B44}.Debug|x64.Build.0 = Debug|Any CPU
		{CEA72330-238A-415C-BDF9-EAC71E781B44}.Debug|x86.ActiveCfg = Debug|Any CPU
		{CEA72330-238A-415C-BDF9-EAC71E781B44}.Debug|x86.Build.0 = Debug|Any CPU
		{CEA72330-238A-415C-BDF9-EAC71E781B44}.Release|Any CPU.ActiveCfg = Release|Any CPU
		{CEA72330-238A-415C-BDF9-EAC71E781B44}.Release|Any CPU.Build.0 = Release|Any CPU
		{CEA72330-238A-415C-BDF9-EAC71E781B44}.Release|x64.ActiveCfg = Release|Any CPU
		{CEA72330-238A-415C-BDF9-EAC71E781B44}.Release|x64.Build.0 = Release|Any CPU
		{CEA72330-238A-415C-BDF9-EAC71E781B44}.Release|x86.ActiveCfg = Release|Any CPU
		{CEA72330-238A-415C-BDF9-EAC71E781B44}.Release|x86.Build.0 = Release|Any CPU
		{E453101D-C2CA-4E0B-8B5D-471FFAC10E75}.Debug|Any CPU.ActiveCfg = Debug|Any CPU
		{E453101D-C2CA-4E0B-8B5D-471FFAC10E75}.Debug|Any CPU.Build.0 = Debug|Any CPU
		{E453101D-C2CA-4E0B-8B5D-471FFAC10E75}.Debug|x64.ActiveCfg = Debug|Any CPU
		{E453101D-C2CA-4E0B-8B5D-471FFAC10E75}.Debug|x64.Build.0 = Debug|Any CPU
		{E453101D-C2CA-4E0B-8B5D-471FFAC10E75}.Debug|x86.ActiveCfg = Debug|Any CPU
		{E453101D-C2CA-4E0B-8B5D-471FFAC10E75}.Debug|x86.Build.0 = Debug|Any CPU
		{E453101D-C2CA-4E0B-8B5D-471FFAC10E75}.Release|Any CPU.ActiveCfg = Release|Any CPU
		{E453101D-C2CA-4E0B-8B5D-471FFAC10E75}.Release|Any CPU.Build.0 = Release|Any CPU
		{E453101D-C2CA-4E0B-8B5D-471FFAC10E75}.Release|x64.ActiveCfg = Release|Any CPU
		{E453101D-C2CA-4E0B-8B5D-471FFAC10E75}.Release|x64.Build.0 = Release|Any CPU
		{E453101D-C2CA-4E0B-8B5D-471FFAC10E75}.Release|x86.ActiveCfg = Release|Any CPU
		{E453101D-C2CA-4E0B-8B5D-471FFAC10E75}.Release|x86.Build.0 = Release|Any CPU
		{7A75F30E-7CCD-492B-B96F-47781B5AF082}.Debug|Any CPU.ActiveCfg = Debug|Any CPU
		{7A75F30E-7CCD-492B-B96F-47781B5AF082}.Debug|Any CPU.Build.0 = Debug|Any CPU
		{7A75F30E-7CCD-492B-B96F-47781B5AF082}.Debug|x64.ActiveCfg = Debug|Any CPU
		{7A75F30E-7CCD-492B-B96F-47781B5AF082}.Debug|x64.Build.0 = Debug|Any CPU
		{7A75F30E-7CCD-492B-B96F-47781B5AF082}.Debug|x86.ActiveCfg = Debug|Any CPU
		{7A75F30E-7CCD-492B-B96F-47781B5AF082}.Debug|x86.Build.0 = Debug|Any CPU
		{7A75F30E-7CCD-492B-B96F-47781B5AF082}.Release|Any CPU.ActiveCfg = Release|Any CPU
		{7A75F30E-7CCD-492B-B96F-47781B5AF082}.Release|Any CPU.Build.0 = Release|Any CPU
		{7A75F30E-7CCD-492B-B96F-47781B5AF082}.Release|x64.ActiveCfg = Release|Any CPU
		{7A75F30E-7CCD-492B-B96F-47781B5AF082}.Release|x64.Build.0 = Release|Any CPU
		{7A75F30E-7CCD-492B-B96F-47781B5AF082}.Release|x86.ActiveCfg = Release|Any CPU
		{7A75F30E-7CCD-492B-B96F-47781B5AF082}.Release|x86.Build.0 = Release|Any CPU
		{491C005D-0F5B-43D8-B686-1B833E1DBAD6}.Debug|Any CPU.ActiveCfg = Debug|Any CPU
		{491C005D-0F5B-43D8-B686-1B833E1DBAD6}.Debug|Any CPU.Build.0 = Debug|Any CPU
		{491C005D-0F5B-43D8-B686-1B833E1DBAD6}.Debug|x64.ActiveCfg = Debug|Any CPU
		{491C005D-0F5B-43D8-B686-1B833E1DBAD6}.Debug|x64.Build.0 = Debug|Any CPU
		{491C005D-0F5B-43D8-B686-1B833E1DBAD6}.Debug|x86.ActiveCfg = Debug|Any CPU
		{491C005D-0F5B-43D8-B686-1B833E1DBAD6}.Debug|x86.Build.0 = Debug|Any CPU
		{491C005D-0F5B-43D8-B686-1B833E1DBAD6}.Release|Any CPU.ActiveCfg = Release|Any CPU
		{491C005D-0F5B-43D8-B686-1B833E1DBAD6}.Release|Any CPU.Build.0 = Release|Any CPU
		{491C005D-0F5B-43D8-B686-1B833E1DBAD6}.Release|x64.ActiveCfg = Release|Any CPU
		{491C005D-0F5B-43D8-B686-1B833E1DBAD6}.Release|x64.Build.0 = Release|Any CPU
		{491C005D-0F5B-43D8-B686-1B833E1DBAD6}.Release|x86.ActiveCfg = Release|Any CPU
		{491C005D-0F5B-43D8-B686-1B833E1DBAD6}.Release|x86.Build.0 = Release|Any CPU
		{57F8E1BA-E9EA-499E-BDE0-B43540F8C5F3}.Debug|Any CPU.ActiveCfg = Debug|Any CPU
		{57F8E1BA-E9EA-499E-BDE0-B43540F8C5F3}.Debug|Any CPU.Build.0 = Debug|Any CPU
		{57F8E1BA-E9EA-499E-BDE0-B43540F8C5F3}.Debug|x64.ActiveCfg = Debug|Any CPU
		{57F8E1BA-E9EA-499E-BDE0-B43540F8C5F3}.Debug|x64.Build.0 = Debug|Any CPU
		{57F8E1BA-E9EA-499E-BDE0-B43540F8C5F3}.Debug|x86.ActiveCfg = Debug|Any CPU
		{57F8E1BA-E9EA-499E-BDE0-B43540F8C5F3}.Debug|x86.Build.0 = Debug|Any CPU
		{57F8E1BA-E9EA-499E-BDE0-B43540F8C5F3}.Release|Any CPU.ActiveCfg = Release|Any CPU
		{57F8E1BA-E9EA-499E-BDE0-B43540F8C5F3}.Release|Any CPU.Build.0 = Release|Any CPU
		{57F8E1BA-E9EA-499E-BDE0-B43540F8C5F3}.Release|x64.ActiveCfg = Release|Any CPU
		{57F8E1BA-E9EA-499E-BDE0-B43540F8C5F3}.Release|x64.Build.0 = Release|Any CPU
		{57F8E1BA-E9EA-499E-BDE0-B43540F8C5F3}.Release|x86.ActiveCfg = Release|Any CPU
		{57F8E1BA-E9EA-499E-BDE0-B43540F8C5F3}.Release|x86.Build.0 = Release|Any CPU
		{029F8B0A-9BF2-42AE-83D7-7C868BEC803D}.Debug|Any CPU.ActiveCfg = Debug|Any CPU
		{029F8B0A-9BF2-42AE-83D7-7C868BEC803D}.Debug|Any CPU.Build.0 = Debug|Any CPU
		{029F8B0A-9BF2-42AE-83D7-7C868BEC803D}.Debug|x64.ActiveCfg = Debug|Any CPU
		{029F8B0A-9BF2-42AE-83D7-7C868BEC803D}.Debug|x64.Build.0 = Debug|Any CPU
		{029F8B0A-9BF2-42AE-83D7-7C868BEC803D}.Debug|x86.ActiveCfg = Debug|Any CPU
		{029F8B0A-9BF2-42AE-83D7-7C868BEC803D}.Debug|x86.Build.0 = Debug|Any CPU
		{029F8B0A-9BF2-42AE-83D7-7C868BEC803D}.Release|Any CPU.ActiveCfg = Release|Any CPU
		{029F8B0A-9BF2-42AE-83D7-7C868BEC803D}.Release|Any CPU.Build.0 = Release|Any CPU
		{029F8B0A-9BF2-42AE-83D7-7C868BEC803D}.Release|x64.ActiveCfg = Release|Any CPU
		{029F8B0A-9BF2-42AE-83D7-7C868BEC803D}.Release|x64.Build.0 = Release|Any CPU
		{029F8B0A-9BF2-42AE-83D7-7C868BEC803D}.Release|x86.ActiveCfg = Release|Any CPU
		{029F8B0A-9BF2-42AE-83D7-7C868BEC803D}.Release|x86.Build.0 = Release|Any CPU
		{A813ED96-3B2F-4840-AF02-B4FE2251CA34}.Debug|Any CPU.ActiveCfg = Debug|Any CPU
		{A813ED96-3B2F-4840-AF02-B4FE2251CA34}.Debug|Any CPU.Build.0 = Debug|Any CPU
		{A813ED96-3B2F-4840-AF02-B4FE2251CA34}.Debug|x64.ActiveCfg = Debug|Any CPU
		{A813ED96-3B2F-4840-AF02-B4FE2251CA34}.Debug|x64.Build.0 = Debug|Any CPU
		{A813ED96-3B2F-4840-AF02-B4FE2251CA34}.Debug|x86.ActiveCfg = Debug|Any CPU
		{A813ED96-3B2F-4840-AF02-B4FE2251CA34}.Debug|x86.Build.0 = Debug|Any CPU
		{A813ED96-3B2F-4840-AF02-B4FE2251CA34}.Release|Any CPU.ActiveCfg = Release|Any CPU
		{A813ED96-3B2F-4840-AF02-B4FE2251CA34}.Release|Any CPU.Build.0 = Release|Any CPU
		{A813ED96-3B2F-4840-AF02-B4FE2251CA34}.Release|x64.ActiveCfg = Release|Any CPU
		{A813ED96-3B2F-4840-AF02-B4FE2251CA34}.Release|x64.Build.0 = Release|Any CPU
		{A813ED96-3B2F-4840-AF02-B4FE2251CA34}.Release|x86.ActiveCfg = Release|Any CPU
		{A813ED96-3B2F-4840-AF02-B4FE2251CA34}.Release|x86.Build.0 = Release|Any CPU
		{CDF644C6-C6CC-40C6-AF69-E1CCB648FA95}.Debug|Any CPU.ActiveCfg = Debug|Any CPU
		{CDF644C6-C6CC-40C6-AF69-E1CCB648FA95}.Debug|Any CPU.Build.0 = Debug|Any CPU
		{CDF644C6-C6CC-40C6-AF69-E1CCB648FA95}.Debug|x64.ActiveCfg = Debug|Any CPU
		{CDF644C6-C6CC-40C6-AF69-E1CCB648FA95}.Debug|x64.Build.0 = Debug|Any CPU
		{CDF644C6-C6CC-40C6-AF69-E1CCB648FA95}.Debug|x86.ActiveCfg = Debug|Any CPU
		{CDF644C6-C6CC-40C6-AF69-E1CCB648FA95}.Debug|x86.Build.0 = Debug|Any CPU
		{CDF644C6-C6CC-40C6-AF69-E1CCB648FA95}.Release|Any CPU.ActiveCfg = Release|Any CPU
		{CDF644C6-C6CC-40C6-AF69-E1CCB648FA95}.Release|Any CPU.Build.0 = Release|Any CPU
		{CDF644C6-C6CC-40C6-AF69-E1CCB648FA95}.Release|x64.ActiveCfg = Release|Any CPU
		{CDF644C6-C6CC-40C6-AF69-E1CCB648FA95}.Release|x64.Build.0 = Release|Any CPU
		{CDF644C6-C6CC-40C6-AF69-E1CCB648FA95}.Release|x86.ActiveCfg = Release|Any CPU
		{CDF644C6-C6CC-40C6-AF69-E1CCB648FA95}.Release|x86.Build.0 = Release|Any CPU
		{5A969F4C-F22D-4A66-95D2-A3CF32FF4665}.Debug|Any CPU.ActiveCfg = Debug|Any CPU
		{5A969F4C-F22D-4A66-95D2-A3CF32FF4665}.Debug|Any CPU.Build.0 = Debug|Any CPU
		{5A969F4C-F22D-4A66-95D2-A3CF32FF4665}.Debug|x64.ActiveCfg = Debug|Any CPU
		{5A969F4C-F22D-4A66-95D2-A3CF32FF4665}.Debug|x64.Build.0 = Debug|Any CPU
		{5A969F4C-F22D-4A66-95D2-A3CF32FF4665}.Debug|x86.ActiveCfg = Debug|Any CPU
		{5A969F4C-F22D-4A66-95D2-A3CF32FF4665}.Debug|x86.Build.0 = Debug|Any CPU
		{5A969F4C-F22D-4A66-95D2-A3CF32FF4665}.Release|Any CPU.ActiveCfg = Release|Any CPU
		{5A969F4C-F22D-4A66-95D2-A3CF32FF4665}.Release|Any CPU.Build.0 = Release|Any CPU
		{5A969F4C-F22D-4A66-95D2-A3CF32FF4665}.Release|x64.ActiveCfg = Release|Any CPU
		{5A969F4C-F22D-4A66-95D2-A3CF32FF4665}.Release|x64.Build.0 = Release|Any CPU
		{5A969F4C-F22D-4A66-95D2-A3CF32FF4665}.Release|x86.ActiveCfg = Release|Any CPU
		{5A969F4C-F22D-4A66-95D2-A3CF32FF4665}.Release|x86.Build.0 = Release|Any CPU
		{18B7A2C1-6294-46B3-93FD-4DA35994CBF3}.Debug|Any CPU.ActiveCfg = Debug|Any CPU
		{18B7A2C1-6294-46B3-93FD-4DA35994CBF3}.Debug|Any CPU.Build.0 = Debug|Any CPU
		{18B7A2C1-6294-46B3-93FD-4DA35994CBF3}.Debug|x64.ActiveCfg = Debug|Any CPU
		{18B7A2C1-6294-46B3-93FD-4DA35994CBF3}.Debug|x64.Build.0 = Debug|Any CPU
		{18B7A2C1-6294-46B3-93FD-4DA35994CBF3}.Debug|x86.ActiveCfg = Debug|Any CPU
		{18B7A2C1-6294-46B3-93FD-4DA35994CBF3}.Debug|x86.Build.0 = Debug|Any CPU
		{18B7A2C1-6294-46B3-93FD-4DA35994CBF3}.Release|Any CPU.ActiveCfg = Release|Any CPU
		{18B7A2C1-6294-46B3-93FD-4DA35994CBF3}.Release|Any CPU.Build.0 = Release|Any CPU
		{18B7A2C1-6294-46B3-93FD-4DA35994CBF3}.Release|x64.ActiveCfg = Release|Any CPU
		{18B7A2C1-6294-46B3-93FD-4DA35994CBF3}.Release|x64.Build.0 = Release|Any CPU
		{18B7A2C1-6294-46B3-93FD-4DA35994CBF3}.Release|x86.ActiveCfg = Release|Any CPU
		{18B7A2C1-6294-46B3-93FD-4DA35994CBF3}.Release|x86.Build.0 = Release|Any CPU
		{B4D6D385-4D9D-402E-9A81-05C27169A758}.Debug|Any CPU.ActiveCfg = Debug|Any CPU
		{B4D6D385-4D9D-402E-9A81-05C27169A758}.Debug|Any CPU.Build.0 = Debug|Any CPU
		{B4D6D385-4D9D-402E-9A81-05C27169A758}.Debug|x64.ActiveCfg = Debug|Any CPU
		{B4D6D385-4D9D-402E-9A81-05C27169A758}.Debug|x64.Build.0 = Debug|Any CPU
		{B4D6D385-4D9D-402E-9A81-05C27169A758}.Debug|x86.ActiveCfg = Debug|Any CPU
		{B4D6D385-4D9D-402E-9A81-05C27169A758}.Debug|x86.Build.0 = Debug|Any CPU
		{B4D6D385-4D9D-402E-9A81-05C27169A758}.Release|Any CPU.ActiveCfg = Release|Any CPU
		{B4D6D385-4D9D-402E-9A81-05C27169A758}.Release|Any CPU.Build.0 = Release|Any CPU
		{B4D6D385-4D9D-402E-9A81-05C27169A758}.Release|x64.ActiveCfg = Release|Any CPU
		{B4D6D385-4D9D-402E-9A81-05C27169A758}.Release|x64.Build.0 = Release|Any CPU
		{B4D6D385-4D9D-402E-9A81-05C27169A758}.Release|x86.ActiveCfg = Release|Any CPU
		{B4D6D385-4D9D-402E-9A81-05C27169A758}.Release|x86.Build.0 = Release|Any CPU
		{273E561A-A55C-4B88-B50E-44F1EF84F9E9}.Debug|Any CPU.ActiveCfg = Debug|Any CPU
		{273E561A-A55C-4B88-B50E-44F1EF84F9E9}.Debug|Any CPU.Build.0 = Debug|Any CPU
		{273E561A-A55C-4B88-B50E-44F1EF84F9E9}.Debug|x64.ActiveCfg = Debug|Any CPU
		{273E561A-A55C-4B88-B50E-44F1EF84F9E9}.Debug|x64.Build.0 = Debug|Any CPU
		{273E561A-A55C-4B88-B50E-44F1EF84F9E9}.Debug|x86.ActiveCfg = Debug|Any CPU
		{273E561A-A55C-4B88-B50E-44F1EF84F9E9}.Debug|x86.Build.0 = Debug|Any CPU
		{273E561A-A55C-4B88-B50E-44F1EF84F9E9}.Release|Any CPU.ActiveCfg = Release|Any CPU
		{273E561A-A55C-4B88-B50E-44F1EF84F9E9}.Release|Any CPU.Build.0 = Release|Any CPU
		{273E561A-A55C-4B88-B50E-44F1EF84F9E9}.Release|x64.ActiveCfg = Release|Any CPU
		{273E561A-A55C-4B88-B50E-44F1EF84F9E9}.Release|x64.Build.0 = Release|Any CPU
		{273E561A-A55C-4B88-B50E-44F1EF84F9E9}.Release|x86.ActiveCfg = Release|Any CPU
		{273E561A-A55C-4B88-B50E-44F1EF84F9E9}.Release|x86.Build.0 = Release|Any CPU
		{3E14D594-5E18-4AFE-B4FA-A87B7CD06E1F}.Debug|Any CPU.ActiveCfg = Debug|Any CPU
		{3E14D594-5E18-4AFE-B4FA-A87B7CD06E1F}.Debug|Any CPU.Build.0 = Debug|Any CPU
		{3E14D594-5E18-4AFE-B4FA-A87B7CD06E1F}.Debug|x64.ActiveCfg = Debug|Any CPU
		{3E14D594-5E18-4AFE-B4FA-A87B7CD06E1F}.Debug|x64.Build.0 = Debug|Any CPU
		{3E14D594-5E18-4AFE-B4FA-A87B7CD06E1F}.Debug|x86.ActiveCfg = Debug|Any CPU
		{3E14D594-5E18-4AFE-B4FA-A87B7CD06E1F}.Debug|x86.Build.0 = Debug|Any CPU
		{3E14D594-5E18-4AFE-B4FA-A87B7CD06E1F}.Release|Any CPU.ActiveCfg = Release|Any CPU
		{3E14D594-5E18-4AFE-B4FA-A87B7CD06E1F}.Release|Any CPU.Build.0 = Release|Any CPU
		{3E14D594-5E18-4AFE-B4FA-A87B7CD06E1F}.Release|x64.ActiveCfg = Release|Any CPU
		{3E14D594-5E18-4AFE-B4FA-A87B7CD06E1F}.Release|x64.Build.0 = Release|Any CPU
		{3E14D594-5E18-4AFE-B4FA-A87B7CD06E1F}.Release|x86.ActiveCfg = Release|Any CPU
		{3E14D594-5E18-4AFE-B4FA-A87B7CD06E1F}.Release|x86.Build.0 = Release|Any CPU
		{24087921-54FF-4037-B65A-9ABEDE8028E2}.Debug|Any CPU.ActiveCfg = Debug|Any CPU
		{24087921-54FF-4037-B65A-9ABEDE8028E2}.Debug|Any CPU.Build.0 = Debug|Any CPU
		{24087921-54FF-4037-B65A-9ABEDE8028E2}.Debug|x64.ActiveCfg = Debug|Any CPU
		{24087921-54FF-4037-B65A-9ABEDE8028E2}.Debug|x64.Build.0 = Debug|Any CPU
		{24087921-54FF-4037-B65A-9ABEDE8028E2}.Debug|x86.ActiveCfg = Debug|Any CPU
		{24087921-54FF-4037-B65A-9ABEDE8028E2}.Debug|x86.Build.0 = Debug|Any CPU
		{24087921-54FF-4037-B65A-9ABEDE8028E2}.Release|Any CPU.ActiveCfg = Release|Any CPU
		{24087921-54FF-4037-B65A-9ABEDE8028E2}.Release|Any CPU.Build.0 = Release|Any CPU
		{24087921-54FF-4037-B65A-9ABEDE8028E2}.Release|x64.ActiveCfg = Release|Any CPU
		{24087921-54FF-4037-B65A-9ABEDE8028E2}.Release|x64.Build.0 = Release|Any CPU
		{24087921-54FF-4037-B65A-9ABEDE8028E2}.Release|x86.ActiveCfg = Release|Any CPU
		{24087921-54FF-4037-B65A-9ABEDE8028E2}.Release|x86.Build.0 = Release|Any CPU
		{2D50B990-FF0C-4654-9D24-6451349B6ACA}.Debug|Any CPU.ActiveCfg = Debug|Any CPU
		{2D50B990-FF0C-4654-9D24-6451349B6ACA}.Debug|Any CPU.Build.0 = Debug|Any CPU
		{2D50B990-FF0C-4654-9D24-6451349B6ACA}.Debug|x64.ActiveCfg = Debug|Any CPU
		{2D50B990-FF0C-4654-9D24-6451349B6ACA}.Debug|x64.Build.0 = Debug|Any CPU
		{2D50B990-FF0C-4654-9D24-6451349B6ACA}.Debug|x86.ActiveCfg = Debug|Any CPU
		{2D50B990-FF0C-4654-9D24-6451349B6ACA}.Debug|x86.Build.0 = Debug|Any CPU
		{2D50B990-FF0C-4654-9D24-6451349B6ACA}.Release|Any CPU.ActiveCfg = Release|Any CPU
		{2D50B990-FF0C-4654-9D24-6451349B6ACA}.Release|Any CPU.Build.0 = Release|Any CPU
		{2D50B990-FF0C-4654-9D24-6451349B6ACA}.Release|x64.ActiveCfg = Release|Any CPU
		{2D50B990-FF0C-4654-9D24-6451349B6ACA}.Release|x64.Build.0 = Release|Any CPU
		{2D50B990-FF0C-4654-9D24-6451349B6ACA}.Release|x86.ActiveCfg = Release|Any CPU
		{2D50B990-FF0C-4654-9D24-6451349B6ACA}.Release|x86.Build.0 = Release|Any CPU
		{24C8FFCE-14B0-4CC8-97C7-4164498FBA12}.Debug|Any CPU.ActiveCfg = Debug|Any CPU
		{24C8FFCE-14B0-4CC8-97C7-4164498FBA12}.Debug|Any CPU.Build.0 = Debug|Any CPU
		{24C8FFCE-14B0-4CC8-97C7-4164498FBA12}.Debug|x64.ActiveCfg = Debug|Any CPU
		{24C8FFCE-14B0-4CC8-97C7-4164498FBA12}.Debug|x64.Build.0 = Debug|Any CPU
		{24C8FFCE-14B0-4CC8-97C7-4164498FBA12}.Debug|x86.ActiveCfg = Debug|Any CPU
		{24C8FFCE-14B0-4CC8-97C7-4164498FBA12}.Debug|x86.Build.0 = Debug|Any CPU
		{24C8FFCE-14B0-4CC8-97C7-4164498FBA12}.Release|Any CPU.ActiveCfg = Release|Any CPU
		{24C8FFCE-14B0-4CC8-97C7-4164498FBA12}.Release|Any CPU.Build.0 = Release|Any CPU
		{24C8FFCE-14B0-4CC8-97C7-4164498FBA12}.Release|x64.ActiveCfg = Release|Any CPU
		{24C8FFCE-14B0-4CC8-97C7-4164498FBA12}.Release|x64.Build.0 = Release|Any CPU
		{24C8FFCE-14B0-4CC8-97C7-4164498FBA12}.Release|x86.ActiveCfg = Release|Any CPU
		{24C8FFCE-14B0-4CC8-97C7-4164498FBA12}.Release|x86.Build.0 = Release|Any CPU
		{16E57A15-AC8B-4F78-B49D-0E1FE7B2C610}.Debug|Any CPU.ActiveCfg = Debug|Any CPU
		{16E57A15-AC8B-4F78-B49D-0E1FE7B2C610}.Debug|Any CPU.Build.0 = Debug|Any CPU
		{16E57A15-AC8B-4F78-B49D-0E1FE7B2C610}.Debug|x64.ActiveCfg = Debug|Any CPU
		{16E57A15-AC8B-4F78-B49D-0E1FE7B2C610}.Debug|x64.Build.0 = Debug|Any CPU
		{16E57A15-AC8B-4F78-B49D-0E1FE7B2C610}.Debug|x86.ActiveCfg = Debug|Any CPU
		{16E57A15-AC8B-4F78-B49D-0E1FE7B2C610}.Debug|x86.Build.0 = Debug|Any CPU
		{16E57A15-AC8B-4F78-B49D-0E1FE7B2C610}.Release|Any CPU.ActiveCfg = Release|Any CPU
		{16E57A15-AC8B-4F78-B49D-0E1FE7B2C610}.Release|Any CPU.Build.0 = Release|Any CPU
		{16E57A15-AC8B-4F78-B49D-0E1FE7B2C610}.Release|x64.ActiveCfg = Release|Any CPU
		{16E57A15-AC8B-4F78-B49D-0E1FE7B2C610}.Release|x64.Build.0 = Release|Any CPU
		{16E57A15-AC8B-4F78-B49D-0E1FE7B2C610}.Release|x86.ActiveCfg = Release|Any CPU
		{16E57A15-AC8B-4F78-B49D-0E1FE7B2C610}.Release|x86.Build.0 = Release|Any CPU
		{B8873F27-1491-4AD9-9F4F-F6096FC9AD3F}.Debug|Any CPU.ActiveCfg = Debug|Any CPU
		{B8873F27-1491-4AD9-9F4F-F6096FC9AD3F}.Debug|Any CPU.Build.0 = Debug|Any CPU
		{B8873F27-1491-4AD9-9F4F-F6096FC9AD3F}.Debug|x64.ActiveCfg = Debug|Any CPU
		{B8873F27-1491-4AD9-9F4F-F6096FC9AD3F}.Debug|x64.Build.0 = Debug|Any CPU
		{B8873F27-1491-4AD9-9F4F-F6096FC9AD3F}.Debug|x86.ActiveCfg = Debug|Any CPU
		{B8873F27-1491-4AD9-9F4F-F6096FC9AD3F}.Debug|x86.Build.0 = Debug|Any CPU
		{B8873F27-1491-4AD9-9F4F-F6096FC9AD3F}.Release|Any CPU.ActiveCfg = Release|Any CPU
		{B8873F27-1491-4AD9-9F4F-F6096FC9AD3F}.Release|Any CPU.Build.0 = Release|Any CPU
		{B8873F27-1491-4AD9-9F4F-F6096FC9AD3F}.Release|x64.ActiveCfg = Release|Any CPU
		{B8873F27-1491-4AD9-9F4F-F6096FC9AD3F}.Release|x64.Build.0 = Release|Any CPU
		{B8873F27-1491-4AD9-9F4F-F6096FC9AD3F}.Release|x86.ActiveCfg = Release|Any CPU
		{B8873F27-1491-4AD9-9F4F-F6096FC9AD3F}.Release|x86.Build.0 = Release|Any CPU
		{F11B7198-108C-4558-8540-2BB8A07ACE14}.Debug|Any CPU.ActiveCfg = Debug|Any CPU
		{F11B7198-108C-4558-8540-2BB8A07ACE14}.Debug|Any CPU.Build.0 = Debug|Any CPU
		{F11B7198-108C-4558-8540-2BB8A07ACE14}.Debug|x64.ActiveCfg = Debug|Any CPU
		{F11B7198-108C-4558-8540-2BB8A07ACE14}.Debug|x64.Build.0 = Debug|Any CPU
		{F11B7198-108C-4558-8540-2BB8A07ACE14}.Debug|x86.ActiveCfg = Debug|Any CPU
		{F11B7198-108C-4558-8540-2BB8A07ACE14}.Debug|x86.Build.0 = Debug|Any CPU
		{F11B7198-108C-4558-8540-2BB8A07ACE14}.Release|Any CPU.ActiveCfg = Release|Any CPU
		{F11B7198-108C-4558-8540-2BB8A07ACE14}.Release|Any CPU.Build.0 = Release|Any CPU
		{F11B7198-108C-4558-8540-2BB8A07ACE14}.Release|x64.ActiveCfg = Release|Any CPU
		{F11B7198-108C-4558-8540-2BB8A07ACE14}.Release|x64.Build.0 = Release|Any CPU
		{F11B7198-108C-4558-8540-2BB8A07ACE14}.Release|x86.ActiveCfg = Release|Any CPU
		{F11B7198-108C-4558-8540-2BB8A07ACE14}.Release|x86.Build.0 = Release|Any CPU
		{D6405969-D6F9-4808-A17D-05CA739052D5}.Debug|Any CPU.ActiveCfg = Debug|Any CPU
		{D6405969-D6F9-4808-A17D-05CA739052D5}.Debug|Any CPU.Build.0 = Debug|Any CPU
		{D6405969-D6F9-4808-A17D-05CA739052D5}.Debug|x64.ActiveCfg = Debug|Any CPU
		{D6405969-D6F9-4808-A17D-05CA739052D5}.Debug|x64.Build.0 = Debug|Any CPU
		{D6405969-D6F9-4808-A17D-05CA739052D5}.Debug|x86.ActiveCfg = Debug|Any CPU
		{D6405969-D6F9-4808-A17D-05CA739052D5}.Debug|x86.Build.0 = Debug|Any CPU
		{D6405969-D6F9-4808-A17D-05CA739052D5}.Release|Any CPU.ActiveCfg = Release|Any CPU
		{D6405969-D6F9-4808-A17D-05CA739052D5}.Release|Any CPU.Build.0 = Release|Any CPU
		{D6405969-D6F9-4808-A17D-05CA739052D5}.Release|x64.ActiveCfg = Release|Any CPU
		{D6405969-D6F9-4808-A17D-05CA739052D5}.Release|x64.Build.0 = Release|Any CPU
		{D6405969-D6F9-4808-A17D-05CA739052D5}.Release|x86.ActiveCfg = Release|Any CPU
		{D6405969-D6F9-4808-A17D-05CA739052D5}.Release|x86.Build.0 = Release|Any CPU
		{049AAEAF-B40A-49F3-8A7E-E75987E0D0B7}.Debug|Any CPU.ActiveCfg = Debug|Any CPU
		{049AAEAF-B40A-49F3-8A7E-E75987E0D0B7}.Debug|Any CPU.Build.0 = Debug|Any CPU
		{049AAEAF-B40A-49F3-8A7E-E75987E0D0B7}.Debug|x64.ActiveCfg = Debug|Any CPU
		{049AAEAF-B40A-49F3-8A7E-E75987E0D0B7}.Debug|x64.Build.0 = Debug|Any CPU
		{049AAEAF-B40A-49F3-8A7E-E75987E0D0B7}.Debug|x86.ActiveCfg = Debug|Any CPU
		{049AAEAF-B40A-49F3-8A7E-E75987E0D0B7}.Debug|x86.Build.0 = Debug|Any CPU
		{049AAEAF-B40A-49F3-8A7E-E75987E0D0B7}.Release|Any CPU.ActiveCfg = Release|Any CPU
		{049AAEAF-B40A-49F3-8A7E-E75987E0D0B7}.Release|Any CPU.Build.0 = Release|Any CPU
		{049AAEAF-B40A-49F3-8A7E-E75987E0D0B7}.Release|x64.ActiveCfg = Release|Any CPU
		{049AAEAF-B40A-49F3-8A7E-E75987E0D0B7}.Release|x64.Build.0 = Release|Any CPU
		{049AAEAF-B40A-49F3-8A7E-E75987E0D0B7}.Release|x86.ActiveCfg = Release|Any CPU
		{049AAEAF-B40A-49F3-8A7E-E75987E0D0B7}.Release|x86.Build.0 = Release|Any CPU
		{4776FE79-050B-44EF-ACF7-3E94DC536FA5}.Debug|Any CPU.ActiveCfg = Debug|Any CPU
		{4776FE79-050B-44EF-ACF7-3E94DC536FA5}.Debug|Any CPU.Build.0 = Debug|Any CPU
		{4776FE79-050B-44EF-ACF7-3E94DC536FA5}.Debug|x64.ActiveCfg = Debug|Any CPU
		{4776FE79-050B-44EF-ACF7-3E94DC536FA5}.Debug|x64.Build.0 = Debug|Any CPU
		{4776FE79-050B-44EF-ACF7-3E94DC536FA5}.Debug|x86.ActiveCfg = Debug|Any CPU
		{4776FE79-050B-44EF-ACF7-3E94DC536FA5}.Debug|x86.Build.0 = Debug|Any CPU
		{4776FE79-050B-44EF-ACF7-3E94DC536FA5}.Release|Any CPU.ActiveCfg = Release|Any CPU
		{4776FE79-050B-44EF-ACF7-3E94DC536FA5}.Release|Any CPU.Build.0 = Release|Any CPU
		{4776FE79-050B-44EF-ACF7-3E94DC536FA5}.Release|x64.ActiveCfg = Release|Any CPU
		{4776FE79-050B-44EF-ACF7-3E94DC536FA5}.Release|x64.Build.0 = Release|Any CPU
		{4776FE79-050B-44EF-ACF7-3E94DC536FA5}.Release|x86.ActiveCfg = Release|Any CPU
		{4776FE79-050B-44EF-ACF7-3E94DC536FA5}.Release|x86.Build.0 = Release|Any CPU
		{A620ADA5-F805-4E6A-9877-E1188FFF51A5}.Debug|Any CPU.ActiveCfg = Debug|Any CPU
		{A620ADA5-F805-4E6A-9877-E1188FFF51A5}.Debug|Any CPU.Build.0 = Debug|Any CPU
		{A620ADA5-F805-4E6A-9877-E1188FFF51A5}.Debug|x64.ActiveCfg = Debug|Any CPU
		{A620ADA5-F805-4E6A-9877-E1188FFF51A5}.Debug|x64.Build.0 = Debug|Any CPU
		{A620ADA5-F805-4E6A-9877-E1188FFF51A5}.Debug|x86.ActiveCfg = Debug|Any CPU
		{A620ADA5-F805-4E6A-9877-E1188FFF51A5}.Debug|x86.Build.0 = Debug|Any CPU
		{A620ADA5-F805-4E6A-9877-E1188FFF51A5}.Release|Any CPU.ActiveCfg = Release|Any CPU
		{A620ADA5-F805-4E6A-9877-E1188FFF51A5}.Release|Any CPU.Build.0 = Release|Any CPU
		{A620ADA5-F805-4E6A-9877-E1188FFF51A5}.Release|x64.ActiveCfg = Release|Any CPU
		{A620ADA5-F805-4E6A-9877-E1188FFF51A5}.Release|x64.Build.0 = Release|Any CPU
		{A620ADA5-F805-4E6A-9877-E1188FFF51A5}.Release|x86.ActiveCfg = Release|Any CPU
		{A620ADA5-F805-4E6A-9877-E1188FFF51A5}.Release|x86.Build.0 = Release|Any CPU
		{5156461A-267A-4C58-872C-8566EE97E75F}.Debug|Any CPU.ActiveCfg = Debug|Any CPU
		{5156461A-267A-4C58-872C-8566EE97E75F}.Debug|Any CPU.Build.0 = Debug|Any CPU
		{5156461A-267A-4C58-872C-8566EE97E75F}.Debug|x64.ActiveCfg = Debug|Any CPU
		{5156461A-267A-4C58-872C-8566EE97E75F}.Debug|x64.Build.0 = Debug|Any CPU
		{5156461A-267A-4C58-872C-8566EE97E75F}.Debug|x86.ActiveCfg = Debug|Any CPU
		{5156461A-267A-4C58-872C-8566EE97E75F}.Debug|x86.Build.0 = Debug|Any CPU
		{5156461A-267A-4C58-872C-8566EE97E75F}.Release|Any CPU.ActiveCfg = Release|Any CPU
		{5156461A-267A-4C58-872C-8566EE97E75F}.Release|Any CPU.Build.0 = Release|Any CPU
		{5156461A-267A-4C58-872C-8566EE97E75F}.Release|x64.ActiveCfg = Release|Any CPU
		{5156461A-267A-4C58-872C-8566EE97E75F}.Release|x64.Build.0 = Release|Any CPU
		{5156461A-267A-4C58-872C-8566EE97E75F}.Release|x86.ActiveCfg = Release|Any CPU
		{5156461A-267A-4C58-872C-8566EE97E75F}.Release|x86.Build.0 = Release|Any CPU
		{C8E7DB1E-100F-4948-AC59-472DAF1D9782}.Debug|Any CPU.ActiveCfg = Debug|Any CPU
		{C8E7DB1E-100F-4948-AC59-472DAF1D9782}.Debug|Any CPU.Build.0 = Debug|Any CPU
		{C8E7DB1E-100F-4948-AC59-472DAF1D9782}.Debug|x64.ActiveCfg = Debug|Any CPU
		{C8E7DB1E-100F-4948-AC59-472DAF1D9782}.Debug|x64.Build.0 = Debug|Any CPU
		{C8E7DB1E-100F-4948-AC59-472DAF1D9782}.Debug|x86.ActiveCfg = Debug|Any CPU
		{C8E7DB1E-100F-4948-AC59-472DAF1D9782}.Debug|x86.Build.0 = Debug|Any CPU
		{C8E7DB1E-100F-4948-AC59-472DAF1D9782}.Release|Any CPU.ActiveCfg = Release|Any CPU
		{C8E7DB1E-100F-4948-AC59-472DAF1D9782}.Release|Any CPU.Build.0 = Release|Any CPU
		{C8E7DB1E-100F-4948-AC59-472DAF1D9782}.Release|x64.ActiveCfg = Release|Any CPU
		{C8E7DB1E-100F-4948-AC59-472DAF1D9782}.Release|x64.Build.0 = Release|Any CPU
		{C8E7DB1E-100F-4948-AC59-472DAF1D9782}.Release|x86.ActiveCfg = Release|Any CPU
		{C8E7DB1E-100F-4948-AC59-472DAF1D9782}.Release|x86.Build.0 = Release|Any CPU
		{3DC07CB4-8D0E-40F1-A180-69E70575466A}.Debug|Any CPU.ActiveCfg = Debug|Any CPU
		{3DC07CB4-8D0E-40F1-A180-69E70575466A}.Debug|Any CPU.Build.0 = Debug|Any CPU
		{3DC07CB4-8D0E-40F1-A180-69E70575466A}.Debug|x64.ActiveCfg = Debug|Any CPU
		{3DC07CB4-8D0E-40F1-A180-69E70575466A}.Debug|x64.Build.0 = Debug|Any CPU
		{3DC07CB4-8D0E-40F1-A180-69E70575466A}.Debug|x86.ActiveCfg = Debug|Any CPU
		{3DC07CB4-8D0E-40F1-A180-69E70575466A}.Debug|x86.Build.0 = Debug|Any CPU
		{3DC07CB4-8D0E-40F1-A180-69E70575466A}.Release|Any CPU.ActiveCfg = Release|Any CPU
		{3DC07CB4-8D0E-40F1-A180-69E70575466A}.Release|Any CPU.Build.0 = Release|Any CPU
		{3DC07CB4-8D0E-40F1-A180-69E70575466A}.Release|x64.ActiveCfg = Release|Any CPU
		{3DC07CB4-8D0E-40F1-A180-69E70575466A}.Release|x64.Build.0 = Release|Any CPU
		{3DC07CB4-8D0E-40F1-A180-69E70575466A}.Release|x86.ActiveCfg = Release|Any CPU
		{3DC07CB4-8D0E-40F1-A180-69E70575466A}.Release|x86.Build.0 = Release|Any CPU
		{B15EF6E7-AAA8-4053-8175-8F2512393C03}.Debug|Any CPU.ActiveCfg = Debug|Any CPU
		{B15EF6E7-AAA8-4053-8175-8F2512393C03}.Debug|Any CPU.Build.0 = Debug|Any CPU
		{B15EF6E7-AAA8-4053-8175-8F2512393C03}.Debug|x64.ActiveCfg = Debug|Any CPU
		{B15EF6E7-AAA8-4053-8175-8F2512393C03}.Debug|x64.Build.0 = Debug|Any CPU
		{B15EF6E7-AAA8-4053-8175-8F2512393C03}.Debug|x86.ActiveCfg = Debug|Any CPU
		{B15EF6E7-AAA8-4053-8175-8F2512393C03}.Debug|x86.Build.0 = Debug|Any CPU
		{B15EF6E7-AAA8-4053-8175-8F2512393C03}.Release|Any CPU.ActiveCfg = Release|Any CPU
		{B15EF6E7-AAA8-4053-8175-8F2512393C03}.Release|Any CPU.Build.0 = Release|Any CPU
		{B15EF6E7-AAA8-4053-8175-8F2512393C03}.Release|x64.ActiveCfg = Release|Any CPU
		{B15EF6E7-AAA8-4053-8175-8F2512393C03}.Release|x64.Build.0 = Release|Any CPU
		{B15EF6E7-AAA8-4053-8175-8F2512393C03}.Release|x86.ActiveCfg = Release|Any CPU
		{B15EF6E7-AAA8-4053-8175-8F2512393C03}.Release|x86.Build.0 = Release|Any CPU
		{BC7767E8-4239-460E-9276-74FB126C4FFF}.Debug|Any CPU.ActiveCfg = Debug|Any CPU
		{BC7767E8-4239-460E-9276-74FB126C4FFF}.Debug|Any CPU.Build.0 = Debug|Any CPU
		{BC7767E8-4239-460E-9276-74FB126C4FFF}.Debug|x64.ActiveCfg = Debug|Any CPU
		{BC7767E8-4239-460E-9276-74FB126C4FFF}.Debug|x64.Build.0 = Debug|Any CPU
		{BC7767E8-4239-460E-9276-74FB126C4FFF}.Debug|x86.ActiveCfg = Debug|Any CPU
		{BC7767E8-4239-460E-9276-74FB126C4FFF}.Debug|x86.Build.0 = Debug|Any CPU
		{BC7767E8-4239-460E-9276-74FB126C4FFF}.Release|Any CPU.ActiveCfg = Release|Any CPU
		{BC7767E8-4239-460E-9276-74FB126C4FFF}.Release|Any CPU.Build.0 = Release|Any CPU
		{BC7767E8-4239-460E-9276-74FB126C4FFF}.Release|x64.ActiveCfg = Release|Any CPU
		{BC7767E8-4239-460E-9276-74FB126C4FFF}.Release|x64.Build.0 = Release|Any CPU
		{BC7767E8-4239-460E-9276-74FB126C4FFF}.Release|x86.ActiveCfg = Release|Any CPU
		{BC7767E8-4239-460E-9276-74FB126C4FFF}.Release|x86.Build.0 = Release|Any CPU
		{3DAD27FD-A111-4730-ABAE-FCEED06128E5}.Debug|Any CPU.ActiveCfg = Debug|Any CPU
		{3DAD27FD-A111-4730-ABAE-FCEED06128E5}.Debug|Any CPU.Build.0 = Debug|Any CPU
		{3DAD27FD-A111-4730-ABAE-FCEED06128E5}.Debug|x64.ActiveCfg = Debug|Any CPU
		{3DAD27FD-A111-4730-ABAE-FCEED06128E5}.Debug|x64.Build.0 = Debug|Any CPU
		{3DAD27FD-A111-4730-ABAE-FCEED06128E5}.Debug|x86.ActiveCfg = Debug|Any CPU
		{3DAD27FD-A111-4730-ABAE-FCEED06128E5}.Debug|x86.Build.0 = Debug|Any CPU
		{3DAD27FD-A111-4730-ABAE-FCEED06128E5}.Release|Any CPU.ActiveCfg = Release|Any CPU
		{3DAD27FD-A111-4730-ABAE-FCEED06128E5}.Release|Any CPU.Build.0 = Release|Any CPU
		{3DAD27FD-A111-4730-ABAE-FCEED06128E5}.Release|x64.ActiveCfg = Release|Any CPU
		{3DAD27FD-A111-4730-ABAE-FCEED06128E5}.Release|x64.Build.0 = Release|Any CPU
		{3DAD27FD-A111-4730-ABAE-FCEED06128E5}.Release|x86.ActiveCfg = Release|Any CPU
		{3DAD27FD-A111-4730-ABAE-FCEED06128E5}.Release|x86.Build.0 = Release|Any CPU
		{3748557B-58CD-41BD-81C7-3929C6D7D027}.Debug|Any CPU.ActiveCfg = Debug|Any CPU
		{3748557B-58CD-41BD-81C7-3929C6D7D027}.Debug|Any CPU.Build.0 = Debug|Any CPU
		{3748557B-58CD-41BD-81C7-3929C6D7D027}.Debug|x64.ActiveCfg = Debug|Any CPU
		{3748557B-58CD-41BD-81C7-3929C6D7D027}.Debug|x64.Build.0 = Debug|Any CPU
		{3748557B-58CD-41BD-81C7-3929C6D7D027}.Debug|x86.ActiveCfg = Debug|Any CPU
		{3748557B-58CD-41BD-81C7-3929C6D7D027}.Debug|x86.Build.0 = Debug|Any CPU
		{3748557B-58CD-41BD-81C7-3929C6D7D027}.Release|Any CPU.ActiveCfg = Release|Any CPU
		{3748557B-58CD-41BD-81C7-3929C6D7D027}.Release|Any CPU.Build.0 = Release|Any CPU
		{3748557B-58CD-41BD-81C7-3929C6D7D027}.Release|x64.ActiveCfg = Release|Any CPU
		{3748557B-58CD-41BD-81C7-3929C6D7D027}.Release|x64.Build.0 = Release|Any CPU
		{3748557B-58CD-41BD-81C7-3929C6D7D027}.Release|x86.ActiveCfg = Release|Any CPU
		{3748557B-58CD-41BD-81C7-3929C6D7D027}.Release|x86.Build.0 = Release|Any CPU
		{81FC9AA9-2617-4E5A-933E-0EF412E4FFFF}.Debug|Any CPU.ActiveCfg = Debug|Any CPU
		{81FC9AA9-2617-4E5A-933E-0EF412E4FFFF}.Debug|Any CPU.Build.0 = Debug|Any CPU
		{81FC9AA9-2617-4E5A-933E-0EF412E4FFFF}.Debug|x64.ActiveCfg = Debug|Any CPU
		{81FC9AA9-2617-4E5A-933E-0EF412E4FFFF}.Debug|x64.Build.0 = Debug|Any CPU
		{81FC9AA9-2617-4E5A-933E-0EF412E4FFFF}.Debug|x86.ActiveCfg = Debug|Any CPU
		{81FC9AA9-2617-4E5A-933E-0EF412E4FFFF}.Debug|x86.Build.0 = Debug|Any CPU
		{81FC9AA9-2617-4E5A-933E-0EF412E4FFFF}.Release|Any CPU.ActiveCfg = Release|Any CPU
		{81FC9AA9-2617-4E5A-933E-0EF412E4FFFF}.Release|Any CPU.Build.0 = Release|Any CPU
		{81FC9AA9-2617-4E5A-933E-0EF412E4FFFF}.Release|x64.ActiveCfg = Release|Any CPU
		{81FC9AA9-2617-4E5A-933E-0EF412E4FFFF}.Release|x64.Build.0 = Release|Any CPU
		{81FC9AA9-2617-4E5A-933E-0EF412E4FFFF}.Release|x86.ActiveCfg = Release|Any CPU
		{81FC9AA9-2617-4E5A-933E-0EF412E4FFFF}.Release|x86.Build.0 = Release|Any CPU
		{24759E89-6D03-4AC6-95AE-6008D4A4F661}.Debug|Any CPU.ActiveCfg = Debug|Any CPU
		{24759E89-6D03-4AC6-95AE-6008D4A4F661}.Debug|Any CPU.Build.0 = Debug|Any CPU
		{24759E89-6D03-4AC6-95AE-6008D4A4F661}.Debug|x64.ActiveCfg = Debug|Any CPU
		{24759E89-6D03-4AC6-95AE-6008D4A4F661}.Debug|x64.Build.0 = Debug|Any CPU
		{24759E89-6D03-4AC6-95AE-6008D4A4F661}.Debug|x86.ActiveCfg = Debug|Any CPU
		{24759E89-6D03-4AC6-95AE-6008D4A4F661}.Debug|x86.Build.0 = Debug|Any CPU
		{24759E89-6D03-4AC6-95AE-6008D4A4F661}.Release|Any CPU.ActiveCfg = Release|Any CPU
		{24759E89-6D03-4AC6-95AE-6008D4A4F661}.Release|Any CPU.Build.0 = Release|Any CPU
		{24759E89-6D03-4AC6-95AE-6008D4A4F661}.Release|x64.ActiveCfg = Release|Any CPU
		{24759E89-6D03-4AC6-95AE-6008D4A4F661}.Release|x64.Build.0 = Release|Any CPU
		{24759E89-6D03-4AC6-95AE-6008D4A4F661}.Release|x86.ActiveCfg = Release|Any CPU
		{24759E89-6D03-4AC6-95AE-6008D4A4F661}.Release|x86.Build.0 = Release|Any CPU
		{B19672BD-F612-4483-97AD-2BE1585A5792}.Debug|Any CPU.ActiveCfg = Debug|Any CPU
		{B19672BD-F612-4483-97AD-2BE1585A5792}.Debug|Any CPU.Build.0 = Debug|Any CPU
		{B19672BD-F612-4483-97AD-2BE1585A5792}.Debug|x64.ActiveCfg = Debug|Any CPU
		{B19672BD-F612-4483-97AD-2BE1585A5792}.Debug|x64.Build.0 = Debug|Any CPU
		{B19672BD-F612-4483-97AD-2BE1585A5792}.Debug|x86.ActiveCfg = Debug|Any CPU
		{B19672BD-F612-4483-97AD-2BE1585A5792}.Debug|x86.Build.0 = Debug|Any CPU
		{B19672BD-F612-4483-97AD-2BE1585A5792}.Release|Any CPU.ActiveCfg = Release|Any CPU
		{B19672BD-F612-4483-97AD-2BE1585A5792}.Release|Any CPU.Build.0 = Release|Any CPU
		{B19672BD-F612-4483-97AD-2BE1585A5792}.Release|x64.ActiveCfg = Release|Any CPU
		{B19672BD-F612-4483-97AD-2BE1585A5792}.Release|x64.Build.0 = Release|Any CPU
		{B19672BD-F612-4483-97AD-2BE1585A5792}.Release|x86.ActiveCfg = Release|Any CPU
		{B19672BD-F612-4483-97AD-2BE1585A5792}.Release|x86.Build.0 = Release|Any CPU
		{92C0CFF7-376A-4DB4-9666-D20BC02B5E3F}.Debug|Any CPU.ActiveCfg = Debug|Any CPU
		{92C0CFF7-376A-4DB4-9666-D20BC02B5E3F}.Debug|Any CPU.Build.0 = Debug|Any CPU
		{92C0CFF7-376A-4DB4-9666-D20BC02B5E3F}.Debug|x64.ActiveCfg = Debug|Any CPU
		{92C0CFF7-376A-4DB4-9666-D20BC02B5E3F}.Debug|x64.Build.0 = Debug|Any CPU
		{92C0CFF7-376A-4DB4-9666-D20BC02B5E3F}.Debug|x86.ActiveCfg = Debug|Any CPU
		{92C0CFF7-376A-4DB4-9666-D20BC02B5E3F}.Debug|x86.Build.0 = Debug|Any CPU
		{92C0CFF7-376A-4DB4-9666-D20BC02B5E3F}.Release|Any CPU.ActiveCfg = Release|Any CPU
		{92C0CFF7-376A-4DB4-9666-D20BC02B5E3F}.Release|Any CPU.Build.0 = Release|Any CPU
		{92C0CFF7-376A-4DB4-9666-D20BC02B5E3F}.Release|x64.ActiveCfg = Release|Any CPU
		{92C0CFF7-376A-4DB4-9666-D20BC02B5E3F}.Release|x64.Build.0 = Release|Any CPU
		{92C0CFF7-376A-4DB4-9666-D20BC02B5E3F}.Release|x86.ActiveCfg = Release|Any CPU
		{92C0CFF7-376A-4DB4-9666-D20BC02B5E3F}.Release|x86.Build.0 = Release|Any CPU
	EndGlobalSection
	GlobalSection(SolutionProperties) = preSolution
		HideSolutionNode = FALSE
	EndGlobalSection
	GlobalSection(NestedProjects) = preSolution
		{31FA815E-F168-7AB5-A26E-1E1772BBBCDE} = {5854FF58-B8C5-05C6-5BF2-ACE42193F22B}
		{9E5B6E38-FB60-7272-AE1E-CC970DFE2B18} = {31FA815E-F168-7AB5-A26E-1E1772BBBCDE}
		{59AE800D-B1DB-4A3C-94D7-284BB90AEFD5} = {9E5B6E38-FB60-7272-AE1E-CC970DFE2B18}
		{F27C3D35-5797-4624-8A5F-198C6A9DF36D} = {9E5B6E38-FB60-7272-AE1E-CC970DFE2B18}
		{55F5CA46-6FD8-4753-9A34-7E5AA7450577} = {9E5B6E38-FB60-7272-AE1E-CC970DFE2B18}
		{CEA72330-238A-415C-BDF9-EAC71E781B44} = {9E5B6E38-FB60-7272-AE1E-CC970DFE2B18}
		{A37E8F42-1FFE-8CDC-9820-7DC47B5681F2} = {31FA815E-F168-7AB5-A26E-1E1772BBBCDE}
		{E453101D-C2CA-4E0B-8B5D-471FFAC10E75} = {A37E8F42-1FFE-8CDC-9820-7DC47B5681F2}
		{7A75F30E-7CCD-492B-B96F-47781B5AF082} = {A37E8F42-1FFE-8CDC-9820-7DC47B5681F2}
		{9627E87E-F5B7-00AC-2F43-5E65E23A8312} = {5854FF58-B8C5-05C6-5BF2-ACE42193F22B}
		{491C005D-0F5B-43D8-B686-1B833E1DBAD6} = {9627E87E-F5B7-00AC-2F43-5E65E23A8312}
		{57F8E1BA-E9EA-499E-BDE0-B43540F8C5F3} = {9E5B6E38-FB60-7272-AE1E-CC970DFE2B18}
		{EA8AE364-9EC8-4048-CEA5-1FBCEA2B08D2} = {5854FF58-B8C5-05C6-5BF2-ACE42193F22B}
		{21452FDB-6661-27D2-6188-1AA03375898F} = {EA8AE364-9EC8-4048-CEA5-1FBCEA2B08D2}
		{029F8B0A-9BF2-42AE-83D7-7C868BEC803D} = {21452FDB-6661-27D2-6188-1AA03375898F}
		{A813ED96-3B2F-4840-AF02-B4FE2251CA34} = {21452FDB-6661-27D2-6188-1AA03375898F}
		{CDF644C6-C6CC-40C6-AF69-E1CCB648FA95} = {21452FDB-6661-27D2-6188-1AA03375898F}
		{5A969F4C-F22D-4A66-95D2-A3CF32FF4665} = {21452FDB-6661-27D2-6188-1AA03375898F}
		{E7E14FA9-3A0C-D7EC-6658-A21B05072AF3} = {EA8AE364-9EC8-4048-CEA5-1FBCEA2B08D2}
		{18B7A2C1-6294-46B3-93FD-4DA35994CBF3} = {E7E14FA9-3A0C-D7EC-6658-A21B05072AF3}
		{B4D6D385-4D9D-402E-9A81-05C27169A758} = {E7E14FA9-3A0C-D7EC-6658-A21B05072AF3}
		{B2A9F99C-C0AC-95D7-3B2D-B7C051256A2B} = {5854FF58-B8C5-05C6-5BF2-ACE42193F22B}
		{143A9012-BA68-10E3-ABDE-9AE395E15738} = {B2A9F99C-C0AC-95D7-3B2D-B7C051256A2B}
		{273E561A-A55C-4B88-B50E-44F1EF84F9E9} = {143A9012-BA68-10E3-ABDE-9AE395E15738}
		{3E14D594-5E18-4AFE-B4FA-A87B7CD06E1F} = {143A9012-BA68-10E3-ABDE-9AE395E15738}
		{24087921-54FF-4037-B65A-9ABEDE8028E2} = {143A9012-BA68-10E3-ABDE-9AE395E15738}
		{2D50B990-FF0C-4654-9D24-6451349B6ACA} = {143A9012-BA68-10E3-ABDE-9AE395E15738}
		{0549131C-1D2E-1EA3-8CCC-379627C304EB} = {B2A9F99C-C0AC-95D7-3B2D-B7C051256A2B}
		{24C8FFCE-14B0-4CC8-97C7-4164498FBA12} = {0549131C-1D2E-1EA3-8CCC-379627C304EB}
		{16E57A15-AC8B-4F78-B49D-0E1FE7B2C610} = {0549131C-1D2E-1EA3-8CCC-379627C304EB}
		{EBE35603-9ADB-AE12-1420-6CAFCD65BA30} = {5854FF58-B8C5-05C6-5BF2-ACE42193F22B}
		{D59F0EBD-B8CB-6FB2-C635-F337861BC671} = {EBE35603-9ADB-AE12-1420-6CAFCD65BA30}
		{B8873F27-1491-4AD9-9F4F-F6096FC9AD3F} = {D59F0EBD-B8CB-6FB2-C635-F337861BC671}
		{F11B7198-108C-4558-8540-2BB8A07ACE14} = {D59F0EBD-B8CB-6FB2-C635-F337861BC671}
		{D6405969-D6F9-4808-A17D-05CA739052D5} = {D59F0EBD-B8CB-6FB2-C635-F337861BC671}
		{049AAEAF-B40A-49F3-8A7E-E75987E0D0B7} = {D59F0EBD-B8CB-6FB2-C635-F337861BC671}
		{825F926A-E3C0-54DF-DC1C-AE2ECDB8C8C2} = {EBE35603-9ADB-AE12-1420-6CAFCD65BA30}
		{4776FE79-050B-44EF-ACF7-3E94DC536FA5} = {825F926A-E3C0-54DF-DC1C-AE2ECDB8C8C2}
		{A620ADA5-F805-4E6A-9877-E1188FFF51A5} = {825F926A-E3C0-54DF-DC1C-AE2ECDB8C8C2}
		{D695D176-BB72-9420-5049-4C7BDEA6619B} = {5854FF58-B8C5-05C6-5BF2-ACE42193F22B}
		{4A0B2867-DC28-DD77-F3D3-1527DD5D35AE} = {D695D176-BB72-9420-5049-4C7BDEA6619B}
		{5156461A-267A-4C58-872C-8566EE97E75F} = {4A0B2867-DC28-DD77-F3D3-1527DD5D35AE}
		{C8E7DB1E-100F-4948-AC59-472DAF1D9782} = {4A0B2867-DC28-DD77-F3D3-1527DD5D35AE}
		{3DC07CB4-8D0E-40F1-A180-69E70575466A} = {4A0B2867-DC28-DD77-F3D3-1527DD5D35AE}
		{B15EF6E7-AAA8-4053-8175-8F2512393C03} = {4A0B2867-DC28-DD77-F3D3-1527DD5D35AE}
		{094340B2-29A0-384A-6EB7-84EF1D6044BC} = {D695D176-BB72-9420-5049-4C7BDEA6619B}
		{BC7767E8-4239-460E-9276-74FB126C4FFF} = {094340B2-29A0-384A-6EB7-84EF1D6044BC}
		{3DAD27FD-A111-4730-ABAE-FCEED06128E5} = {094340B2-29A0-384A-6EB7-84EF1D6044BC}
		{CB465BFD-3AF8-4601-952D-40E269C9AFED} = {5854FF58-B8C5-05C6-5BF2-ACE42193F22B}
		{D3AB1A5F-E7B2-43ED-AEC9-D6DACBE454B4} = {CB465BFD-3AF8-4601-952D-40E269C9AFED}
		{3748557B-58CD-41BD-81C7-3929C6D7D027} = {D3AB1A5F-E7B2-43ED-AEC9-D6DACBE454B4}
		{81FC9AA9-2617-4E5A-933E-0EF412E4FFFF} = {D3AB1A5F-E7B2-43ED-AEC9-D6DACBE454B4}
		{24759E89-6D03-4AC6-95AE-6008D4A4F661} = {D3AB1A5F-E7B2-43ED-AEC9-D6DACBE454B4}
		{B19672BD-F612-4483-97AD-2BE1585A5792} = {D3AB1A5F-E7B2-43ED-AEC9-D6DACBE454B4}
		{CE19CFA8-6974-4C19-B520-EED60E2F75A4} = {CB465BFD-3AF8-4601-952D-40E269C9AFED}
		{92C0CFF7-376A-4DB4-9666-D20BC02B5E3F} = {CE19CFA8-6974-4C19-B520-EED60E2F75A4}
	EndGlobalSection
EndGlobal
